{
  "version": "5",
  "remote": {
    "https://edge.netlify.com/": "fd941d61d88673d5f28aab283fb86fcc50f08a3bc80ee5470498fcfa88c65cfb",
    "https://edge.netlify.com/bootstrap/config.ts": "6a2ce0e544e15e8f8883a5c18da5948e37fd0f2619f68cb31f3af53c51817025",
    "https://edge.netlify.com/bootstrap/context.ts": "72496497b40d9e808f419efc764ecb438952a32f61ed94cd54952fc59f17f69d",
    "https://edge.netlify.com/bootstrap/cookie.ts": "8b0baae708989ca183c6f3b4ab3d029e6abcbc2e43f93edeb0ff447b3bbc3a05",
    "https://edge.netlify.com/bootstrap/edge_function.ts": "b8253e86aa83c67341f5cfedeba5049d77fbf84dcab7eceff7566b7728ae9b39",
    "https://edge.netlify.com/bootstrap/globals/types.ts": "eaa6148ded3121d8dee62dd91c86e7fe76601df0f3ca8d7962243a30f4c8935f"
  },
  "workspace": {
    "packageJson": {
      "dependencies": [
        "npm:@aws-sdk/client-ses@^3.515.0",
        "npm:@csstools/postcss-global-data@^2.1.1",
        "npm:@mapbox/rehype-prism@0.9",
        "npm:@mdx-js/react@^3.0.1",
        "npm:@mdx-js/rollup@^3.0.1",
        "npm:@netlify/functions@^5.1.0",
        "npm:@netlify/remix-adapter@^2.7.0",
        "npm:@remix-run/cloudflare-pages@^2.7.1",
        "npm:@remix-run/cloudflare@^2.7.1",
        "npm:@remix-run/dev@^2.7.1",
        "npm:@remix-run/node@^2.7.1",
        "npm:@remix-run/react@^2.7.1",
        "npm:@storybook/addon-a11y@^7.6.17",
        "npm:@storybook/addon-essentials@^7.6.17",
        "npm:@storybook/addon-interactions@^7.6.17",
        "npm:@storybook/addon-links@^7.6.17",
        "npm:@storybook/blocks@^7.6.17",
        "npm:@storybook/react-vite@^7.6.17",
        "npm:@storybook/react@^7.6.17",
        "npm:@storybook/test@^7.6.17",
        "npm:chokidar-cli@3",
        "npm:concurrently@^8.2.0",
        "npm:eslint-config-prettier@^9.1.0",
        "npm:eslint-plugin-import@^2.29.1",
        "npm:eslint-plugin-jsx-a11y@^6.8.0",
        "npm:eslint-plugin-react-hooks@^4.6.0",
        "npm:eslint-plugin-react@^7.33.2",
        "npm:eslint-plugin-storybook@0.8",
        "npm:eslint@^8.56.0",
        "npm:framer-motion@11.0.5",
        "npm:isbot@^4.1.0",
        "npm:miniflare@^3.20231030.4",
        "npm:node-fetch@^3.3.2",
        "npm:postcss-custom-media@^10.0.2",
        "npm:postcss@^8.4.33",
        "npm:prop-types@^15.8.1",
        "npm:react-dom@18.3.1",
        "npm:react@18.3.1",
        "npm:rehype-img-size@^1.0.1",
        "npm:rehype-slug@6",
        "npm:remark-frontmatter@5",
        "npm:remark-mdx-frontmatter@4",
        "npm:retry@~0.13.1",
        "npm:rimraf@^5.0.5",
        "npm:storybook@^7.6.17",
        "npm:three-stdlib@^2.29.4",
        "npm:three@0.161",
        "npm:vite-jsconfig-paths@^2.0.1",
        "npm:vite@^5.1.0",
        "npm:wrangler@^4.46.0"
      ]
    }
  }
}
